# This file is automatically @generated by Cargo.
# It is not intended for manual editing.
[[package]]
name = "wagyu-zcash-parameters"
version = "0.2.0"
dependencies = [
 "wagyu-zcash-parameters-1",
 "wagyu-zcash-parameters-2",
 "wagyu-zcash-parameters-3",
 "wagyu-zcash-parameters-4",
 "wagyu-zcash-parameters-5",
 "wagyu-zcash-parameters-6",
]

[[package]]
name = "wagyu-zcash-parameters-1"
version = "0.2.0"
source = "registry+https://github.com/rust-lang/crates.io-index"
checksum = "90bf2e21bb027d3f8428c60d6a720b54a08bf6ce4e6f834ef8e0d38bb5695da8"

[[package]]
name = "wagyu-zcash-parameters-2"
version = "0.2.0"
source = "registry+https://github.com/rust-lang/crates.io-index"
checksum = "a616ab2e51e74cc48995d476e94de810fb16fc73815f390bf2941b046cc9ba2c"

[[package]]
name = "wagyu-zcash-parameters-3"
version = "0.2.0"
source = "registry+https://github.com/rust-lang/crates.io-index"
checksum = "14da1e2e958ff93c0830ee68e91884069253bf3462a67831b02b367be75d6147"

[[package]]
name = "wagyu-zcash-parameters-4"
version = "0.2.0"
source = "registry+https://github.com/rust-lang/crates.io-index"
checksum = "f058aeef03a2070e8666ffb5d1057d8bb10313b204a254a6e6103eb958e9a6d6"

[[package]]
name = "wagyu-zcash-parameters-5"
version = "0.2.0"
source = "registry+https://github.com/rust-lang/crates.io-index"
checksum = "3ffe916b30e608c032ae1b734f02574a3e12ec19ab5cc5562208d679efe4969d"

[[package]]
name = "wagyu-zcash-parameters-6"
version = "0.2.0"
source = "registry+https://github.com/rust-lang/crates.io-index"
checksum = "a7b6d5a78adc3e8f198e9cd730f219a695431467f7ec29dcfc63ade885feebe1"
